github.com/zeroflucs-given/yaml3 v0.0.0-20260218050915-a2e85ac1bb4e h1:lgvZHvivK+N/qu5h7ZAeEo1A2FGkxHk+voJxwL0N6NI=
github.com/zeroflucs-given/yaml3 v0.0.0-20260218050915-a2e85ac1bb4e/go.mod h1:nNaOo65Kg53lWpypUIxuoTa9Rg7smPSwVcbrK3vgLS0=
gopkg.in/check.v1 v0.0.0-20161208181325-20d25e280405 h1:yhCVgyC4o1eVCa2tZl7eS0r+SDo693bJlVdllGtEeKM=
gopkg.in/check.v1 v0.0.0-20161208181325-20d25e280405/go.mod h1:Co6ibVJAznAaIkqp8huTwlJQCZ016jof/cbN4VW5Yz0=
